
Microsoft Visual Studio Solution File, Format Version 12.00
# Visual Studio Version 17
VisualStudioVersion = 17.6.33829.357
MinimumVisualStudioVersion = 10.0.40219.1
Project("{FAE04EC0-301F-11D3-BF4B-00C04F79EFBC}") = "Clips_api", "Clips_api.csproj", "{07E79AA8-4CF7-4AAC-97B7-566AA7EC2C39}"
EndProject
Global
	GlobalSection(SolutionConfigurationPlatforms) = preSolution
		Debug|Any CPU = Debug|Any CPU
		Release|Any CPU = Release|Any CPU
	EndGlobalSection
	GlobalSection(ProjectConfigurationPlatforms) = postSolution
		{07E79AA8-4CF7-4AAC-97B7-566AA7EC2C39}.Debug|Any CPU.ActiveCfg = Debug|Any CPU
		{07E79AA8-4CF7-4AAC-97B7-566AA7EC2C39}.Debug|Any CPU.Build.0 = Debug|Any CPU
		{07E79AA8-4CF7-4AAC-97B7-566AA7EC2C39}.Release|Any CPU.ActiveCfg = Release|Any CPU
		{07E79AA8-4CF7-4AAC-97B7-566AA7EC2C39}.Release|Any CPU.Build.0 = Release|Any CPU
	EndGlobalSection
	GlobalSection(SolutionProperties) = preSolution
		HideSolutionNode = FALSE
	EndGlobalSection
	GlobalSection(ExtensibilityGlobals) = postSolution
		SolutionGuid = {6837DD9A-BD4B-498E-8CB1-FD6D4B40DF9A}
	EndGlobalSection
EndGlobal
